// !$*UTF8*$!
{
	archiveVersion = 1;
	classes = {
	};
	objectVersion = 55;
	objects = {

/* Begin PBXBuildFile section */
		4371A91F28CB59C600ED55D0 /* NetworkTestApp.swift in Sources */ = {isa = PBXBuildFile; fileRef = 4371A91E28CB59C600ED55D0 /* NetworkTestApp.swift */; };
		4371A92128CB59C600ED55D0 /* ContentView.swift in Sources */ = {isa = PBXBuildFile; fileRef = 4371A92028CB59C600ED55D0 /* ContentView.swift */; };
		4371A92328CB59C700ED55D0 /* Assets.xcassets in Resources */ = {isa = PBXBuildFile; fileRef = 4371A92228CB59C700ED55D0 /* Assets.xcassets */; };
		4371A92628CB59C700ED55D0 /* Preview Assets.xcassets in Resources */ = {isa = PBXBuildFile; fileRef = 4371A92528CB59C700ED55D0 /* Preview Assets.xcassets */; };
		4371A93028CB59C800ED55D0 /* NetworkTestTests.swift in Sources */ = {isa = PBXBuildFile; fileRef = 4371A92F28CB59C800ED55D0 /* NetworkTestTests.swift */; };
		4371A93A28CB59C800ED55D0 /* NetworkTestUITests.swift in Sources */ = {isa = PBXBuildFile; fileRef = 4371A93928CB59C800ED55D0 /* NetworkTestUITests.swift */; };
		4371A93C28CB59C800ED55D0 /* NetworkTestUITestsLaunchTests.swift in Sources */ = {isa = PBXBuildFile; fileRef = 4371A93B28CB59C800ED55D0 /* NetworkTestUITestsLaunchTests.swift */; };
/* End PBXBuildFile section */

/* Begin PBXContainerItemProxy section */
		4371A92C28CB59C800ED55D0 /* PBXContainerItemProxy */ = {
			isa = PBXContainerItemProxy;
			containerPortal = 4371A91328CB59C600ED55D0 /* Project object */;
			proxyType = 1;
			remoteGlobalIDString = 4371A91A28CB59C600ED55D0;
			remoteInfo = NetworkTest;
		};
		4371A93628CB59C800ED55D0 /* PBXContainerItemProxy */ = {
			isa = PBXContainerItemProxy;
			containerPortal = 4371A91328CB59C600ED55D0 /* Project object */;
			proxyType = 1;
			remoteGlobalIDString = 4371A91A28CB59C600ED55D0;
			remoteInfo = NetworkTest;
		};
/* End PBXContainerItemProxy section */

/* Begin PBXFileReference section */
		4371A91B28CB59C600ED55D0 /* NetworkTest.app */ = {isa = PBXFileReference; explicitFileType = wrapper.application; includeInIndex = 0; path = NetworkTest.app; sourceTree = BUILT_PRODUCTS_DIR; };
		4371A91E28CB59C600ED55D0 /* NetworkTestApp.swift */ = {isa = PBXFileReference; lastKnownFileType = sourcecode.swift; path = NetworkTestApp.swift; sourceTree = "<group>"; };
		4371A92028CB59C600ED55D0 /* ContentView.swift */ = {isa = PBXFileReference; lastKnownFileType = sourcecode.swift; path = ContentView.swift; sourceTree = "<group>"; };
		4371A92228CB59C700ED55D0 /* Assets.xcassets */ = {isa = PBXFileReference; lastKnownFileType = folder.assetcatalog; path = Assets.xcassets; sourceTree = "<group>"; };
		4371A92528CB59C700ED55D0 /* Preview Assets.xcassets */ = {isa = PBXFileReference; lastKnownFileType = folder.assetcatalog; path = "Preview Assets.xcassets"; sourceTree = "<group>"; };
		4371A92B28CB59C800ED55D0 /* NetworkTestTests.xctest */ = {isa = PBXFileReference; explicitFileType = wrapper.cfbundle; includeInIndex = 0; path = NetworkTestTests.xctest; sourceTree = BUILT_PRODUCTS_DIR; };
		4371A92F28CB59C800ED55D0 /* NetworkTestTests.swift */ = {isa = PBXFileReference; lastKnownFileType = sourcecode.swift; path = NetworkTestTests.swift; sourceTree = "<group>"; };
		4371A93528CB59C800ED55D0 /* NetworkTestUITests.xctest */ = {isa = PBXFileReference; explicitFileType = wrapper.cfbundle; includeInIndex = 0; path = NetworkTestUITests.xctest; sourceTree = BUILT_PRODUCTS_DIR; };
		4371A93928CB59C800ED55D0 /* NetworkTestUITests.swift */ = {isa = PBXFileReference; lastKnownFileType = sourcecode.swift; path = NetworkTestUITests.swift; sourceTree = "<group>"; };
		4371A93B28CB59C800ED55D0 /* NetworkTestUITestsLaunchTests.swift */ = {isa = PBXFileReference; lastKnownFileType = sourcecode.swift; path = NetworkTestUITestsLaunchTests.swift; sourceTree = "<group>"; };
/* End PBXFileReference section */

/* Begin PBXFrameworksBuildPhase section */
		4371A91828CB59C600ED55D0 /* Frameworks */ = {
			isa = PBXFrameworksBuildPhase;
			buildActionMask = 2147483647;
			files = (
			);
			runOnlyForDeploymentPostprocessing = 0;
		};
		4371A92828CB59C800ED55D0 /* Frameworks */ = {
			isa = PBXFrameworksBuildPhase;
			buildActionMask = 2147483647;
			files = (
			);
			runOnlyForDeploymentPostprocessing = 0;
		};
		4371A93228CB59C800ED55D0 /* Frameworks */ = {
			isa = PBXFrameworksBuildPhase;
			buildActionMask = 2147483647;
			files = (
			);
			runOnlyForDeploymentPostprocessing = 0;
		};
/* End PBXFrameworksBuildPhase section */

/* Begin PBXGroup section */
		4371A91228CB59C600ED55D0 = {
			isa = PBXGroup;
			children = (
				4371A91D28CB59C600ED55D0 /* NetworkTest */,
				4371A92E28CB59C800ED55D0 /* NetworkTestTests */,
				4371A93828CB59C800ED55D0 /* NetworkTestUITests */,
				4371A91C28CB59C600ED55D0 /* Products */,
			);
			sourceTree = "<group>";
		};
		4371A91C28CB59C600ED55D0 /* Products */ = {
			isa = PBXGroup;
			children = (
				4371A91B28CB59C600ED55D0 /* NetworkTest.app */,
				4371A92B28CB59C800ED55D0 /* NetworkTestTests.xctest */,
				4371A93528CB59C800ED55D0 /* NetworkTestUITests.xctest */,
			);
			name = Products;
			sourceTree = "<group>";
		};
		4371A91D28CB59C600ED55D0 /* NetworkTest */ = {
			isa = PBXGroup;
			children = (
				4371A91E28CB59C600ED55D0 /* NetworkTestApp.swift */,
				4371A92028CB59C600ED55D0 /* ContentView.swift */,
				4371A92228CB59C700ED55D0 /* Assets.xcassets */,
				4371A92428CB59C700ED55D0 /* Preview Content */,
			);
			path = NetworkTest;
			sourceTree = "<group>";
		};
		4371A92428CB59C700ED55D0 /* Preview Content */ = {
			isa = PBXGroup;
			children = (
				4371A92528CB59C700ED55D0 /* Preview Assets.xcassets */,
			);
			path = "Preview Content";
			sourceTree = "<group>";
		};
		4371A92E28CB59C800ED55D0 /* NetworkTestTests */ = {
			isa = PBXGroup;
			children = (
				4371A92F28CB59C800ED55D0 /* NetworkTestTests.swift */,
			);
			path = NetworkTestTests;
			sourceTree = "<group>";
		};
		4371A93828CB59C800ED55D0 /* NetworkTestUITests */ = {
			isa = PBXGroup;
			children = (
				4371A93928CB59C800ED55D0 /* NetworkTestUITests.swift */,
				4371A93B28CB59C800ED55D0 /* NetworkTestUITestsLaunchTests.swift */,
			);
			path = NetworkTestUITests;
			sourceTree = "<group>";
		};
/* End PBXGroup section */

/* Begin PBXNativeTarget section */
		4371A91A28CB59C600ED55D0 /* NetworkTest */ = {
			isa = PBXNativeTarget;
			buildConfigurationList = 4371A93F28CB59C800ED55D0 /* Build configuration list for PBXNativeTarget "NetworkTest" */;
			buildPhases = (
				4371A91728CB59C600ED55D0 /* Sources */,
				4371A91828CB59C600ED55D0 /* Frameworks */,
				4371A91928CB59C600ED55D0 /* Resources */,
			);
			buildRules = (
			);
			dependencies = (
			);
			name = NetworkTest;
			productName = NetworkTest;
			productReference = 4371A91B28CB59C600ED55D0 /* NetworkTest.app */;
			productType = "com.apple.product-type.application";
		};
		4371A92A28CB59C800ED55D0 /* NetworkTestTests */ = {
			isa = PBXNativeTarget;
			buildConfigurationList = 4371A94228CB59C800ED55D0 /* Build configuration list for PBXNativeTarget "NetworkTestTests" */;
			buildPhases = (
				4371A92728CB59C800ED55D0 /* Sources */,
				4371A92828CB59C800ED55D0 /* Frameworks */,
				4371A92928CB59C800ED55D0 /* Resources */,
			);
			buildRules = (
			);
			dependencies = (
				4371A92D28CB59C800ED55D0 /* PBXTargetDependency */,
			);
			name = NetworkTestTests;
			productName = NetworkTestTests;
			productReference = 4371A92B28CB59C800ED55D0 /* NetworkTestTests.xctest */;
			productType = "com.apple.product-type.bundle.unit-test";
		};
		4371A93428CB59C800ED55D0 /* NetworkTestUITests */ = {
			isa = PBXNativeTarget;
			buildConfigurationList = 4371A94528CB59C800ED55D0 /* Build configuration list for PBXNativeTarget "NetworkTestUITests" */;
			buildPhases = (
				4371A93128CB59C800ED55D0 /* Sources */,
				4371A93228CB59C800ED55D0 /* Frameworks */,
				4371A93328CB59C800ED55D0 /* Resources */,
			);
			buildRules = (
			);
			dependencies = (
				4371A93728CB59C800ED55D0 /* PBXTargetDependency */,
			);
			name = NetworkTestUITests;
			productName = NetworkTestUITests;
			productReference = 4371A93528CB59C800ED55D0 /* NetworkTestUITests.xctest */;
			productType = "com.apple.product-type.bundle.ui-testing";
		};
/* End PBXNativeTarget section */

/* Begin PBXProject section */
		4371A91328CB59C600ED55D0 /* Project object */ = {
			isa = PBXProject;
			attributes = {
				BuildIndependentTargetsInParallel = 1;
				LastSwiftUpdateCheck = 1340;
				LastUpgradeCheck = 1340;
				TargetAttributes = {
					4371A91A28CB59C600ED55D0 = {
						CreatedOnToolsVersion = 13.4.1;
					};
					4371A92A28CB59C800ED55D0 = {
						CreatedOnToolsVersion = 13.4.1;
						TestTargetID = 4371A91A28CB59C600ED55D0;
					};
					4371A93428CB59C800ED55D0 = {
						CreatedOnToolsVersion = 13.4.1;
						TestTargetID = 4371A91A28CB59C600ED55D0;
					};
				};
			};
			buildConfigurationList = 4371A91628CB59C600ED55D0 /* Build configuration list for PBXProject "NetworkTest" */;
			compatibilityVersion = "Xcode 13.0";
			developmentRegion = en;
			hasScannedForEncodings = 0;
			knownRegions = (
				en,
				Base,
			);
			mainGroup = 4371A91228CB59C600ED55D0;
			productRefGroup = 4371A91C28CB59C600ED55D0 /* Products */;
			projectDirPath = "";
			projectRoot = "";
			targets = (
				4371A91A28CB59C600ED55D0 /* NetworkTest */,
				4371A92A28CB59C800ED55D0 /* NetworkTestTests */,
				4371A93428CB59C800ED55D0 /* NetworkTestUITests */,
			);
		};
/* End PBXProject section */

/* Begin PBXResourcesBuildPhase section */
		4371A91928CB59C600ED55D0 /* Resources */ = {
			isa = PBXResourcesBuildPhase;
			buildActionMask = 2147483647;
			files = (
				4371A92628CB59C700ED55D0 /* Preview Assets.xcassets in Resources */,
				4371A92328CB59C700ED55D0 /* Assets.xcassets in Resources */,
			);
			runOnlyForDeploymentPostprocessing = 0;
		};
		4371A92928CB59C800ED55D0 /* Resources */ = {
			isa = PBXResourcesBuildPhase;
			buildActionMask = 2147483647;
			files = (
			);
			runOnlyForDeploymentPostprocessing = 0;
		};
		4371A93328CB59C800ED55D0 /* Resources */ = {
			isa = PBXResourcesBuildPhase;
			buildActionMask = 2147483647;
			files = (
			);
			runOnlyForDeploymentPostprocessing = 0;
		};
/* End PBXResourcesBuildPhase section */

/* Begin PBXSourcesBuildPhase section */
		4371A91728CB59C600ED55D0 /* Sources */ = {
			isa = PBXSourcesBuildPhase;
			buildActionMask = 2147483647;
			files = (
				4371A92128CB59C600ED55D0 /* ContentView.swift in Sources */,
				4371A91F28CB59C600ED55D0 /* NetworkTestApp.swift in Sources */,
			);
			runOnlyForDeploymentPostprocessing = 0;
		};
		4371A92728CB59C800ED55D0 /* Sources */ = {
			isa = PBXSourcesBuildPhase;
			buildActionMask = 2147483647;
			files = (
				4371A93028CB59C800ED55D0 /* NetworkTestTests.swift in Sources */,
			);
			runOnlyForDeploymentPostprocessing = 0;
		};
		4371A93128CB59C800ED55D0 /* Sources */ = {
			isa = PBXSourcesBuildPhase;
			buildActionMask = 2147483647;
			files = (
				4371A93A28CB59C800ED55D0 /* NetworkTestUITests.swift in Sources */,
				4371A93C28CB59C800ED55D0 /* NetworkTestUITestsLaunchTests.swift in Sources */,
			);
			runOnlyForDeploymentPostprocessing = 0;
		};
/* End PBXSourcesBuildPhase section */

/* Begin PBXTargetDependency section */
		4371A92D28CB59C800ED55D0 /* PBXTargetDependency */ = {
			isa = PBXTargetDependency;
			target = 4371A91A28CB59C600ED55D0 /* NetworkTest */;
			targetProxy = 4371A92C28CB59C800ED55D0 /* PBXContainerItemProxy */;
		};
		4371A93728CB59C800ED55D0 /* PBXTargetDependency */ = {
			isa = PBXTargetDependency;
			target = 4371A91A28CB59C600ED55D0 /* NetworkTest */;
			targetProxy = 4371A93628CB59C800ED55D0 /* PBXContainerItemProxy */;
		};
/* End PBXTargetDependency section */

/* Begin XCBuildConfiguration section */
		4371A93D28CB59C800ED55D0 /* Debug */ = {
			isa = XCBuildConfiguration;
			buildSettings = {
				ALWAYS_SEARCH_USER_PATHS = NO;
				CLANG_ANALYZER_NONNULL = YES;
				CLANG_ANALYZER_NUMBER_OBJECT_CONVERSION = YES_AGGRESSIVE;
				CLANG_CXX_LANGUAGE_STANDARD = "gnu++17";
				CLANG_ENABLE_MODULES = YES;
				CLANG_ENABLE_OBJC_ARC = YES;
				CLANG_ENABLE_OBJC_WEAK = YES;
				CLANG_WARN_BLOCK_CAPTURE_AUTORELEASING = YES;
				CLANG_WARN_BOOL_CONVERSION = YES;
				CLANG_WARN_COMMA = YES;
				CLANG_WARN_CONSTANT_CONVERSION = YES;
				CLANG_WARN_DEPRECATED_OBJC_IMPLEMENTATIONS = YES;
				CLANG_WARN_DIRECT_OBJC_ISA_USAGE = YES_ERROR;
				CLANG_WARN_DOCUMENTATION_COMMENTS = YES;
				CLANG_WARN_EMPTY_BODY = YES;
				CLANG_WARN_ENUM_CONVERSION = YES;
				CLANG_WARN_INFINITE_RECURSION = YES;
				CLANG_WARN_INT_CONVERSION = YES;
				CLANG_WARN_NON_LITERAL_NULL_CONVERSION = YES;
				CLANG_WARN_OBJC_IMPLICIT_RETAIN_SELF = YES;
				CLANG_WARN_OBJC_LITERAL_CONVERSION = YES;
				CLANG_WARN_OBJC_ROOT_CLASS = YES_ERROR;
				CLANG_WARN_QUOTED_INCLUDE_IN_FRAMEWORK_HEADER = YES;
				CLANG_WARN_RANGE_LOOP_ANALYSIS = YES;
				CLANG_WARN_STRICT_PROTOTYPES = YES;
				CLANG_WARN_SUSPICIOUS_MOVE = YES;
				CLANG_WARN_UNGUARDED_AVAILABILITY = YES_AGGRESSIVE;
				CLANG_WARN_UNREACHABLE_CODE = YES;
				CLANG_WARN__DUPLICATE_METHOD_MATCH = YES;
				COPY_PHASE_STRIP = NO;
				DEBUG_INFORMATION_FORMAT = dwarf;
				ENABLE_STRICT_OBJC_MSGSEND = YES;
				ENABLE_TESTABILITY = YES;
				GCC_C_LANGUAGE_STANDARD = gnu11;
				GCC_DYNAMIC_NO_PIC = NO;
				GCC_NO_COMMON_BLOCKS = YES;
				GCC_OPTIMIZATION_LEVEL = 0;
				GCC_PREPROCESSOR_DEFINITIONS = (
					"DEBUG=1",
					"$(inherited)",
				);
				GCC_WARN_64_TO_32_BIT_CONVERSION = YES;
				GCC_WARN_ABOUT_RETURN_TYPE = YES_ERROR;
				GCC_WARN_UNDECLARED_SELECTOR = YES;
				GCC_WARN_UNINITIALIZED_AUTOS = YES_AGGRESSIVE;
				GCC_WARN_UNUSED_FUNCTION = YES;
				GCC_WARN_UNUSED_VARIABLE = YES;
				IPHONEOS_DEPLOYMENT_TARGET = 15.5;
				MTL_ENABLE_DEBUG_INFO = INCLUDE_SOURCE;
				MTL_FAST_MATH = YES;
				ONLY_ACTIVE_ARCH = YES;
				SDKROOT = iphoneos;
				SWIFT_ACTIVE_COMPILATION_CONDITIONS = DEBUG;
				SWIFT_OPTIMIZATION_LEVEL = "-Onone";
			};
			name = Debug;
		};
		4371A93E28CB59C800ED55D0 /* Release */ = {
			isa = XCBuildConfiguration;
			buildSettings = {
				ALWAYS_SEARCH_USER_PATHS = NO;
				CLANG_ANALYZER_NONNULL = YES;
				CLANG_ANALYZER_NUMBER_OBJECT_CONVERSION = YES_AGGRESSIVE;
				CLANG_CXX_LANGUAGE_STANDARD = "gnu++17";
				CLANG_ENABLE_MODULES = YES;
				CLANG_ENABLE_OBJC_ARC = YES;
				CLANG_ENABLE_OBJC_WEAK = YES;
				CLANG_WARN_BLOCK_CAPTURE_AUTORELEASING = YES;
				CLANG_WARN_BOOL_CONVERSION = YES;
				CLANG_WARN_COMMA = YES;
				CLANG_WARN_CONSTANT_CONVERSION = YES;
				CLANG_WARN_DEPRECATED_OBJC_IMPLEMENTATIONS = YES;
				CLANG_WARN_DIRECT_OBJC_ISA_USAGE = YES_ERROR;
				CLANG_WARN_DOCUMENTATION_COMMENTS = YES;
				CLANG_WARN_EMPTY_BODY = YES;
				CLANG_WARN_ENUM_CONVERSION = YES;
				CLANG_WARN_INFINITE_RECURSION = YES;
				CLANG_WARN_INT_CONVERSION = YES;
				CLANG_WARN_NON_LITERAL_NULL_CONVERSION = YES;
				CLANG_WARN_OBJC_IMPLICIT_RETAIN_SELF = YES;
				CLANG_WARN_OBJC_LITERAL_CONVERSION = YES;
				CLANG_WARN_OBJC_ROOT_CLASS = YES_ERROR;
				CLANG_WARN_QUOTED_INCLUDE_IN_FRAMEWORK_HEADER = YES;
				CLANG_WARN_RANGE_LOOP_ANALYSIS = YES;
				CLANG_WARN_STRICT_PROTOTYPES = YES;
				CLANG_WARN_SUSPICIOUS_MOVE = YES;
				CLANG_WARN_UNGUARDED_AVAILABILITY = YES_AGGRESSIVE;
				CLANG_WARN_UNREACHABLE_CODE = YES;
				CLANG_WARN__DUPLICATE_METHOD_MATCH = YES;
				COPY_PHASE_STRIP = NO;
				DEBUG_INFORMATION_FORMAT = "dwarf-with-dsym";
				ENABLE_NS_ASSERTIONS = NO;
				ENABLE_STRICT_OBJC_MSGSEND = YES;
				GCC_C_LANGUAGE_STANDARD = gnu11;
				GCC_NO_COMMON_BLOCKS = YES;
				GCC_WARN_64_TO_32_BIT_CONVERSION = YES;
				GCC_WARN_ABOUT_RETURN_TYPE = YES_ERROR;
				GCC_WARN_UNDECLARED_SELECTOR = YES;
				GCC_WARN_UNINITIALIZED_AUTOS = YES_AGGRESSIVE;
				GCC_WARN_UNUSED_FUNCTION = YES;
				GCC_WARN_UNUSED_VARIABLE = YES;
				IPHONEOS_DEPLOYMENT_TARGET = 15.5;
				MTL_ENABLE_DEBUG_INFO = NO;
				MTL_FAST_MATH = YES;
				SDKROOT = iphoneos;
				SWIFT_COMPILATION_MODE = wholemodule;
				SWIFT_OPTIMIZATION_LEVEL = "-O";
				VALIDATE_PRODUCT = YES;
			};
			name = Release;
		};
		4371A94028CB59C800ED55D0 /* Debug */ = {
			isa = XCBuildConfiguration;
			buildSettings = {
				ASSETCATALOG_COMPILER_APPICON_NAME = AppIcon;
				ASSETCATALOG_COMPILER_GLOBAL_ACCENT_COLOR_NAME = AccentColor;
				CODE_SIGN_STYLE = Automatic;
				CURRENT_PROJECT_VERSION = 1;
				DEVELOPMENT_ASSET_PATHS = "\"NetworkTest/Preview Content\"";
				ENABLE_PREVIEWS = YES;
				GENERATE_INFOPLIST_FILE = YES;
				INFOPLIST_KEY_UIApplicationSceneManifest_Generation = YES;
				INFOPLIST_KEY_UIApplicationSupportsIndirectInputEvents = YES;
				INFOPLIST_KEY_UILaunchScreen_Generation = YES;
				INFOPLIST_KEY_UISupportedInterfaceOrientations_iPad = "UIInterfaceOrientationPortrait UIInterfaceOrientationPortraitUpsideDown UIInterfaceOrientationLandscapeLeft UIInterfaceOrientationLandscapeRight";
				INFOPLIST_KEY_UISupportedInterfaceOrientations_iPhone = "UIInterfaceOrientationPortrait UIInterfaceOrientationLandscapeLeft UIInterfaceOrientationLandscapeRight";
				LD_RUNPATH_SEARCH_PATHS = (
					"$(inherited)",
					"@executable_path/Frameworks",
				);
				MARKETING_VERSION = 1.0;
				PRODUCT_BUNDLE_IDENTIFIER = in.co.dipak.NetworkTest;
				PRODUCT_NAME = "$(TARGET_NAME)";
				SWIFT_EMIT_LOC_STRINGS = YES;
				SWIFT_VERSION = 5.0;
				TARGETED_DEVICE_FAMILY = "1,2";
			};
			name = Debug;
		};
		4371A94128CB59C800ED55D0 /* Release */ = {
			isa = XCBuildConfiguration;
			buildSettings = {
				ASSETCATALOG_COMPILER_APPICON_NAME = AppIcon;
				ASSETCATALOG_COMPILER_GLOBAL_ACCENT_COLOR_NAME = AccentColor;
				CODE_SIGN_STYLE = Automatic;
				CURRENT_PROJECT_VERSION = 1;
				DEVELOPMENT_ASSET_PATHS = "\"NetworkTest/Preview Content\"";
				ENABLE_PREVIEWS = YES;
				GENERATE_INFOPLIST_FILE = YES;
				INFOPLIST_KEY_UIApplicationSceneManifest_Generation = YES;
				INFOPLIST_KEY_UIApplicationSupportsIndirectInputEvents = YES;
				INFOPLIST_KEY_UILaunchScreen_Generation = YES;
				INFOPLIST_KEY_UISupportedInterfaceOrientations_iPad = "UIInterfaceOrientationPortrait UIInterfaceOrientationPortraitUpsideDown UIInterfaceOrientationLandscapeLeft UIInterfaceOrientationLandscapeRight";
				INFOPLIST_KEY_UISupportedInterfaceOrientations_iPhone = "UIInterfaceOrientationPortrait UIInterfaceOrientationLandscapeLeft UIInterfaceOrientationLandscapeRight";
				LD_RUNPATH_SEARCH_PATHS = (
					"$(inherited)",
					"@executable_path/Frameworks",
				);
				MARKETING_VERSION = 1.0;
				PRODUCT_BUNDLE_IDENTIFIER = in.co.dipak.NetworkTest;
				PRODUCT_NAME = "$(TARGET_NAME)";
				SWIFT_EMIT_LOC_STRINGS = YES;
				SWIFT_VERSION = 5.0;
				TARGETED_DEVICE_FAMILY = "1,2";
			};
			name = Release;
		};
		4371A94328CB59C800ED55D0 /* Debug */ = {
			isa = XCBuildConfiguration;
			buildSettings = {
				ALWAYS_EMBED_SWIFT_STANDARD_LIBRARIES = YES;
				BUNDLE_LOADER = "$(TEST_HOST)";
				CODE_SIGN_STYLE = Automatic;
				CURRENT_PROJECT_VERSION = 1;
				GENERATE_INFOPLIST_FILE = YES;
				IPHONEOS_DEPLOYMENT_TARGET = 15.5;
				MARKETING_VERSION = 1.0;
				PRODUCT_BUNDLE_IDENTIFIER = in.co.dipak.NetworkTestTests;
				PRODUCT_NAME = "$(TARGET_NAME)";
				SWIFT_EMIT_LOC_STRINGS = NO;
				SWIFT_VERSION = 5.0;
				TARGETED_DEVICE_FAMILY = "1,2";
				TEST_HOST = "$(BUILT_PRODUCTS_DIR)/NetworkTest.app/NetworkTest";
			};
			name = Debug;
		};
		4371A94428CB59C800ED55D0 /* Release */ = {
			isa = XCBuildConfiguration;
			buildSettings = {
				ALWAYS_EMBED_SWIFT_STANDARD_LIBRARIES = YES;
				BUNDLE_LOADER = "$(TEST_HOST)";
				CODE_SIGN_STYLE = Automatic;
				CURRENT_PROJECT_VERSION = 1;
				GENERATE_INFOPLIST_FILE = YES;
				IPHONEOS_DEPLOYMENT_TARGET = 15.5;
				MARKETING_VERSION = 1.0;
				PRODUCT_BUNDLE_IDENTIFIER = in.co.dipak.NetworkTestTests;
				PRODUCT_NAME = "$(TARGET_NAME)";
				SWIFT_EMIT_LOC_STRINGS = NO;
				SWIFT_VERSION = 5.0;
				TARGETED_DEVICE_FAMILY = "1,2";
				TEST_HOST = "$(BUILT_PRODUCTS_DIR)/NetworkTest.app/NetworkTest";
			};
			name = Release;
		};
		4371A94628CB59C800ED55D0 /* Debug */ = {
			isa = XCBuildConfiguration;
			buildSettings = {
				ALWAYS_EMBED_SWIFT_STANDARD_LIBRARIES = YES;
				CODE_SIGN_STYLE = Automatic;
				CURRENT_PROJECT_VERSION = 1;
				GENERATE_INFOPLIST_FILE = YES;
				MARKETING_VERSION = 1.0;
				PRODUCT_BUNDLE_IDENTIFIER = in.co.dipak.NetworkTestUITests;
				PRODUCT_NAME = "$(TARGET_NAME)";
				SWIFT_EMIT_LOC_STRINGS = NO;
				SWIFT_VERSION = 5.0;
				TARGETED_DEVICE_FAMILY = "1,2";
				TEST_TARGET_NAME = NetworkTest;
			};
			name = Debug;
		};
		4371A94728CB59C800ED55D0 /* Release */ = {
			isa = XCBuildConfiguration;
			buildSettings = {
				ALWAYS_EMBED_SWIFT_STANDARD_LIBRARIES = YES;
				CODE_SIGN_STYLE = Automatic;
				CURRENT_PROJECT_VERSION = 1;
				GENERATE_INFOPLIST_FILE = YES;
				MARKETING_VERSION = 1.0;
				PRODUCT_BUNDLE_IDENTIFIER = in.co.dipak.NetworkTestUITests;
				PRODUCT_NAME = "$(TARGET_NAME)";
				SWIFT_EMIT_LOC_STRINGS = NO;
				SWIFT_VERSION = 5.0;
				TARGETED_DEVICE_FAMILY = "1,2";
				TEST_TARGET_NAME = NetworkTest;
			};
			name = Release;
		};
/* End XCBuildConfiguration section */

/* Begin XCConfigurationList section */
		4371A91628CB59C600ED55D0 /* Build configuration list for PBXProject "NetworkTest" */ = {
			isa = XCConfigurationList;
			buildConfigurations = (
				4371A93D28CB59C800ED55D0 /* Debug */,
				4371A93E28CB59C800ED55D0 /* Release */,
			);
			defaultConfigurationIsVisible = 0;
			defaultConfigurationName = Release;
		};
		4371A93F28CB59C800ED55D0 /* Build configuration list for PBXNativeTarget "NetworkTest" */ = {
			isa = XCConfigurationList;
			buildConfigurations = (
				4371A94028CB59C800ED55D0 /* Debug */,
				4371A94128CB59C800ED55D0 /* Release */,
			);
			defaultConfigurationIsVisible = 0;
			defaultConfigurationName = Release;
		};
		4371A94228CB59C800ED55D0 /* Build configuration list for PBXNativeTarget "NetworkTestTests" */ = {
			isa = XCConfigurationList;
			buildConfigurations = (
				4371A94328CB59C800ED55D0 /* Debug */,
				4371A94428CB59C800ED55D0 /* Release */,
			);
			defaultConfigurationIsVisible = 0;
			defaultConfigurationName = Release;
		};
		4371A94528CB59C800ED55D0 /* Build configuration list for PBXNativeTarget "NetworkTestUITests" */ = {
			isa = XCConfigurationList;
			buildConfigurations = (
				4371A94628CB59C800ED55D0 /* Debug */,
				4371A94728CB59C800ED55D0 /* Release */,
			);
			defaultConfigurationIsVisible = 0;
			defaultConfigurationName = Release;
		};
/* End XCConfigurationList section */
	};
	rootObject = 4371A91328CB59C600ED55D0 /* Project object */;
}
